
Microsoft Visual Studio Solution File, Format Version 12.00
Project("{FAE04EC0-301F-11D3-BF4B-00C04F79EFBC}") = "AzureRestApi", "AzureRestApi\AzureRestApi.csproj", "{20AABFD7-1DB0-4CCE-ABBF-75512881792C}"
EndProject
Global
	GlobalSection(SolutionConfigurationPlatforms) = preSolution
		Debug|Any CPU = Debug|Any CPU
		Release|Any CPU = Release|Any CPU
	EndGlobalSection
	GlobalSection(ProjectConfigurationPlatforms) = postSolution
		{20AABFD7-1DB0-4CCE-ABBF-75512881792C}.Debug|Any CPU.ActiveCfg = Debug|Any CPU
		{20AABFD7-1DB0-4CCE-ABBF-75512881792C}.Debug|Any CPU.Build.0 = Debug|Any CPU
		{20AABFD7-1DB0-4CCE-ABBF-75512881792C}.Release|Any CPU.ActiveCfg = Release|Any CPU
		{20AABFD7-1DB0-4CCE-ABBF-75512881792C}.Release|Any CPU.Build.0 = Release|Any CPU
	EndGlobalSection
EndGlobal
